
Microsoft Visual Studio Solution File, Format Version 12.00
# Visual Studio 15
VisualStudioVersion = 15.0.27130.2027
MinimumVisualStudioVersion = 10.0.40219.1
Project("{FAE04EC0-301F-11D3-BF4B-00C04F79EFBC}") = "FFEngine", "FFEngine\FFEngine.csproj", "{B07ECAE5-8205-4F44-8D9B-D83F8637D6A7}"
EndProject
Project("{FAE04EC0-301F-11D3-BF4B-00C04F79EFBC}") = "Tiled Engine", "Tiled Engine\Tiled Engine.csproj", "{7AE9E45E-27FA-401F-A315-FCD68D6EF928}"
EndProject
Global
	GlobalSection(SolutionConfigurationPlatforms) = preSolution
		Debug|Any CPU = Debug|Any CPU
		Debug|x86 = Debug|x86
		Release|Any CPU = Release|Any CPU
		Release|x86 = Release|x86
	EndGlobalSection
	GlobalSection(ProjectConfigurationPlatforms) = postSolution
		{B07ECAE5-8205-4F44-8D9B-D83F8637D6A7}.Debug|Any CPU.ActiveCfg = Debug|x86
		{B07ECAE5-8205-4F44-8D9B-D83F8637D6A7}.Debug|x86.ActiveCfg = Debug|x86
		{B07ECAE5-8205-4F44-8D9B-D83F8637D6A7}.Debug|x86.Build.0 = Debug|x86
		{B07ECAE5-8205-4F44-8D9B-D83F8637D6A7}.Release|Any CPU.ActiveCfg = Release|x86
		{B07ECAE5-8205-4F44-8D9B-D83F8637D6A7}.Release|x86.ActiveCfg = Release|x86
		{B07ECAE5-8205-4F44-8D9B-D83F8637D6A7}.Release|x86.Build.0 = Release|x86
		{7AE9E45E-27FA-401F-A315-FCD68D6EF928}.Debug|Any CPU.ActiveCfg = Debug|Any CPU
		{7AE9E45E-27FA-401F-A315-FCD68D6EF928}.Debug|Any CPU.Build.0 = Debug|Any CPU
		{7AE9E45E-27FA-401F-A315-FCD68D6EF928}.Debug|x86.ActiveCfg = Debug|Any CPU
		{7AE9E45E-27FA-401F-A315-FCD68D6EF928}.Debug|x86.Build.0 = Debug|Any CPU
		{7AE9E45E-27FA-401F-A315-FCD68D6EF928}.Release|Any CPU.ActiveCfg = Release|Any CPU
		{7AE9E45E-27FA-401F-A315-FCD68D6EF928}.Release|Any CPU.Build.0 = Release|Any CPU
		{7AE9E45E-27FA-401F-A315-FCD68D6EF928}.Release|x86.ActiveCfg = Release|Any CPU
		{7AE9E45E-27FA-401F-A315-FCD68D6EF928}.Release|x86.Build.0 = Release|Any CPU
	EndGlobalSection
	GlobalSection(SolutionProperties) = preSolution
		HideSolutionNode = FALSE
	EndGlobalSection
	GlobalSection(ExtensibilityGlobals) = postSolution
		SolutionGuid = {104F2AE4-EC4E-4FED-93B7-8078C74A428E}
	EndGlobalSection
EndGlobal
